
Microsoft Visual Studio Solution File, Format Version 12.00
# Visual Studio Version 16
VisualStudioVersion = 16.0.30002.166
MinimumVisualStudioVersion = 10.0.40219.1
Project("{FAE04EC0-301F-11D3-BF4B-00C04F79EFBC}") = "TextRPG", "TextRPG.csproj", "{655A3814-108D-4742-A69F-BA61C4433B89}"
EndProject
Global
	GlobalSection(SolutionConfigurationPlatforms) = preSolution
		Debug|Any CPU = Debug|Any CPU
		Release|Any CPU = Release|Any CPU
	EndGlobalSection
	GlobalSection(ProjectConfigurationPlatforms) = postSolution
		{655A3814-108D-4742-A69F-BA61C4433B89}.Debug|Any CPU.ActiveCfg = Debug|Any CPU
		{655A3814-108D-4742-A69F-BA61C4433B89}.Debug|Any CPU.Build.0 = Debug|Any CPU
		{655A3814-108D-4742-A69F-BA61C4433B89}.Release|Any CPU.ActiveCfg = Release|Any CPU
		{655A3814-108D-4742-A69F-BA61C4433B89}.Release|Any CPU.Build.0 = Release|Any CPU
	EndGlobalSection
	GlobalSection(SolutionProperties) = preSolution
		HideSolutionNode = FALSE
	EndGlobalSection
	GlobalSection(ExtensibilityGlobals) = postSolution
		SolutionGuid = {D287BCEC-CC5D-40C0-B942-A24E0D26F2D5}
	EndGlobalSection
EndGlobal
